
Microsoft Visual Studio Solution File, Format Version 12.00
# Visual Studio 15
VisualStudioVersion = 15.0.27428.2005
MinimumVisualStudioVersion = 10.0.40219.1
Project("{FAE04EC0-301F-11D3-BF4B-00C04F79EFBC}") = "MegaOffice", "MegaOffice\MegaOffice.csproj", "{0B72D8F6-5731-4CDE-B202-ABFB91F83D22}"
EndProject
Global
	GlobalSection(SolutionConfigurationPlatforms) = preSolution
		Debug|Any CPU = Debug|Any CPU
		Release|Any CPU = Release|Any CPU
	EndGlobalSection
	GlobalSection(ProjectConfigurationPlatforms) = postSolution
		{0B72D8F6-5731-4CDE-B202-ABFB91F83D22}.Debug|Any CPU.ActiveCfg = Debug|Any CPU
		{0B72D8F6-5731-4CDE-B202-ABFB91F83D22}.Debug|Any CPU.Build.0 = Debug|Any CPU
		{0B72D8F6-5731-4CDE-B202-ABFB91F83D22}.Release|Any CPU.ActiveCfg = Release|Any CPU
		{0B72D8F6-5731-4CDE-B202-ABFB91F83D22}.Release|Any CPU.Build.0 = Release|Any CPU
	EndGlobalSection
	GlobalSection(SolutionProperties) = preSolution
		HideSolutionNode = FALSE
	EndGlobalSection
	GlobalSection(ExtensibilityGlobals) = postSolution
		SolutionGuid = {D476173B-4638-48C4-95B9-097601765E65}
	EndGlobalSection
EndGlobal
